
Microsoft Visual Studio Solution File, Format Version 12.00
# Visual Studio Version 17
VisualStudioVersion = 17.3.32825.248
MinimumVisualStudioVersion = 10.0.40219.1
Project("{FAE04EC0-301F-11D3-BF4B-00C04F79EFBC}") = "algo", "algo.csproj", "{EA2D1323-CDC4-483D-A05A-A58579F2E555}"
EndProject
Global
	GlobalSection(SolutionConfigurationPlatforms) = preSolution
		Debug|Any CPU = Debug|Any CPU
		Release|Any CPU = Release|Any CPU
	EndGlobalSection
	GlobalSection(ProjectConfigurationPlatforms) = postSolution
		{EA2D1323-CDC4-483D-A05A-A58579F2E555}.Debug|Any CPU.ActiveCfg = Debug|Any CPU
		{EA2D1323-CDC4-483D-A05A-A58579F2E555}.Debug|Any CPU.Build.0 = Debug|Any CPU
		{EA2D1323-CDC4-483D-A05A-A58579F2E555}.Release|Any CPU.ActiveCfg = Release|Any CPU
		{EA2D1323-CDC4-483D-A05A-A58579F2E555}.Release|Any CPU.Build.0 = Release|Any CPU
	EndGlobalSection
	GlobalSection(SolutionProperties) = preSolution
		HideSolutionNode = FALSE
	EndGlobalSection
	GlobalSection(ExtensibilityGlobals) = postSolution
		SolutionGuid = {B17F26DB-6D81-495C-AC76-9FBD06C78A40}
	EndGlobalSection
EndGlobal
